
Microsoft Visual Studio Solution File, Format Version 12.00
# Visual Studio Version 17
VisualStudioVersion = 17.4.33213.308
MinimumVisualStudioVersion = 10.0.40219.1
Project("{FAE04EC0-301F-11D3-BF4B-00C04F79EFBC}") = "Monthly Payment", "Monthly Payment\Monthly Payment.csproj", "{C21AD96E-14AE-4EE7-89CF-1756108B19B1}"
EndProject
Global
	GlobalSection(SolutionConfigurationPlatforms) = preSolution
		Debug|Any CPU = Debug|Any CPU
		Release|Any CPU = Release|Any CPU
	EndGlobalSection
	GlobalSection(ProjectConfigurationPlatforms) = postSolution
		{C21AD96E-14AE-4EE7-89CF-1756108B19B1}.Debug|Any CPU.ActiveCfg = Debug|Any CPU
		{C21AD96E-14AE-4EE7-89CF-1756108B19B1}.Debug|Any CPU.Build.0 = Debug|Any CPU
		{C21AD96E-14AE-4EE7-89CF-1756108B19B1}.Release|Any CPU.ActiveCfg = Release|Any CPU
		{C21AD96E-14AE-4EE7-89CF-1756108B19B1}.Release|Any CPU.Build.0 = Release|Any CPU
	EndGlobalSection
	GlobalSection(SolutionProperties) = preSolution
		HideSolutionNode = FALSE
	EndGlobalSection
	GlobalSection(ExtensibilityGlobals) = postSolution
		SolutionGuid = {E8849A8E-6380-4021-B625-4D126DCEFF45}
	EndGlobalSection
EndGlobal
